
Microsoft Visual Studio Solution File, Format Version 12.00
# Visual Studio Version 16
VisualStudioVersion = 16.0.29911.84
MinimumVisualStudioVersion = 10.0.40219.1
Project("{8BC9CEB8-8B4A-11D0-8D11-00A0C91BC942}") = "searchengine0", "searchengine0\searchengine0.vcxproj", "{717C63E9-3073-4665-A04F-B2F504D001EF}"
EndProject
Global
	GlobalSection(SolutionConfigurationPlatforms) = preSolution
		Debug|x64 = Debug|x64
		Debug|x86 = Debug|x86
		Release|x64 = Release|x64
		Release|x86 = Release|x86
	EndGlobalSection
	GlobalSection(ProjectConfigurationPlatforms) = postSolution
		{717C63E9-3073-4665-A04F-B2F504D001EF}.Debug|x64.ActiveCfg = Debug|x64
		{717C63E9-3073-4665-A04F-B2F504D001EF}.Debug|x64.Build.0 = Debug|x64
		{717C63E9-3073-4665-A04F-B2F504D001EF}.Debug|x86.ActiveCfg = Debug|Win32
		{717C63E9-3073-4665-A04F-B2F504D001EF}.Debug|x86.Build.0 = Debug|Win32
		{717C63E9-3073-4665-A04F-B2F504D001EF}.Release|x64.ActiveCfg = Release|x64
		{717C63E9-3073-4665-A04F-B2F504D001EF}.Release|x64.Build.0 = Release|x64
		{717C63E9-3073-4665-A04F-B2F504D001EF}.Release|x86.ActiveCfg = Release|Win32
		{717C63E9-3073-4665-A04F-B2F504D001EF}.Release|x86.Build.0 = Release|Win32
	EndGlobalSection
	GlobalSection(SolutionProperties) = preSolution
		HideSolutionNode = FALSE
	EndGlobalSection
	GlobalSection(ExtensibilityGlobals) = postSolution
		SolutionGuid = {8ECD1F59-CDCC-40DD-85E0-F730152914AA}
	EndGlobalSection
EndGlobal
